PODS:
  - Alamofire (4.8.2)
  - Cache (5.2.0)
  - Differentiator (4.0.1)
  - ESPullToRefresh (2.9)
  - IQKeyboardManagerSwift (6.3.0)
  - Kingfisher (4.10.1)
  - PKHUD (5.3.0)
  - RxCocoa (5.0.0):
    - RxRelay (~> 5)
    - RxSwift (~> 5)
  - RxDataSources (4.0.1):
    - Differentiator (~> 4.0)
    - RxCocoa (~> 5.0)
    - RxSwift (~> 5.0)
  - RxRelay (5.0.0):
    - RxSwift (~> 5)
  - RxSwift (5.0.0)
  - SnapKit (4.2.0)

DEPENDENCIES:
  - Alamofire (~> 4.8.2)
  - Cache (~> 5.2.0)
  - ESPullToRefresh (~> 2.9)
  - IQKeyboardManagerSwift (~> 6.3.0)
  - Kingfisher (~> 4.10.1)
  - PKHUD (~> 5.3.0)
  - RxDataSources (~> 4.0.1)
  - RxSwift (~> 5.0.0)
  - SnapKit (~> 4.2.0)

SPEC REPOS:
  https://github.com/cocoapods/specs.git:
    - Alamofire
    - Cache
    - Differentiator
    - ESPullToRefresh
    - IQKeyboardManagerSwift
    - Kingfisher
    - PKHUD
    - RxCocoa
    - RxDataSources
    - RxRelay
    - RxSwift
    - SnapKit

SPEC CHECKSUMS:
  Alamofire: ae5c501addb7afdbb13687d7f2f722c78734c2d3
  Cache: 807c5d86d01a177f06ede9865add3aea269bbfd4
  Differentiator: 886080237d9f87f322641dedbc5be257061b0602
  ESPullToRefresh: ce058a36454a5032519cc9d8b45da217728cf104
  IQKeyboardManagerSwift: a8228c257614af98743b4cd8584637025f36358f
  Kingfisher: c148cd7b47ebde9989f6bc7c27dcaa79d81279a0
  PKHUD: 98f3e4bc904b9c916f1c5bb6d765365b5357291b
  RxCocoa: fcf32050ac00d801f34a7f71d5e8e7f23026dcd8
  RxDataSources: efee07fa4de48477eca0a4611e6d11e2da9c1114
  RxRelay: 4f7409406a51a55cd88483f21ed898c234d60f18
  RxSwift: 8b0671caa829a763bbce7271095859121cbd895f
  SnapKit: fe8a619752f3f27075cc9a90244d75c6c3f27e2a

PODFILE CHECKSUM: 275dba293b6dfbce4a2f07a742828199e798ed7e

COCOAPODS: 1.7.1
